// !$*UTF8*$!
{
	archiveVersion = 1;
	classes = {
	};
	objectVersion = 50;
	objects = {

/* Begin PBXBuildFile section */
		34E576F82158D8980084955D /* Dynamic.swift in Sources */ = {isa = PBXBuildFile; fileRef = 34E576F72158D8980084955D /* Dynamic.swift */; };
		34E576FA2158E6480084955D /* CoordinationTest.swift in Sources */ = {isa = PBXBuildFile; fileRef = 34E576F92158E6480084955D /* CoordinationTest.swift */; };
		34E576FC2158E6DF0084955D /* TestViewModel.swift in Sources */ = {isa = PBXBuildFile; fileRef = 34E576FB2158E6DF0084955D /* TestViewModel.swift */; };
		34E576FE215907660084955D /* CoordinationLevel.swift in Sources */ = {isa = PBXBuildFile; fileRef = 34E576FD215907660084955D /* CoordinationLevel.swift */; };
		34E57700215936B00084955D /* TestView.xib in Resources */ = {isa = PBXBuildFile; fileRef = 34E576FF215936B00084955D /* TestView.xib */; };
		34E5770221593DE00084955D /* CoordinationVC.swift in Sources */ = {isa = PBXBuildFile; fileRef = 34E5770121593DE00084955D /* CoordinationVC.swift */; };
		34E5770421593FA20084955D /* UIViewController+Subview.swift in Sources */ = {isa = PBXBuildFile; fileRef = 34E5770321593FA20084955D /* UIViewController+Subview.swift */; };
		34E57706215D1F9A0084955D /* ShapeView.swift in Sources */ = {isa = PBXBuildFile; fileRef = 34E57705215D1F990084955D /* ShapeView.swift */; };
		34E57708215D20B60084955D /* ShapeView.xib in Resources */ = {isa = PBXBuildFile; fileRef = 34E57707215D20B60084955D /* ShapeView.xib */; };
		34E5770A215D21640084955D /* ShapeViewModel.swift in Sources */ = {isa = PBXBuildFile; fileRef = 34E57709215D21640084955D /* ShapeViewModel.swift */; };
		34F71FCE215522F100B6F536 /* AppDelegate.swift in Sources */ = {isa = PBXBuildFile; fileRef = 34F71FCD215522F100B6F536 /* AppDelegate.swift */; };
		34F71FD0215522F100B6F536 /* ExerciseViewController.swift in Sources */ = {isa = PBXBuildFile; fileRef = 34F71FCF215522F100B6F536 /* ExerciseViewController.swift */; };
		34F71FD3215522F100B6F536 /* Main.storyboard in Resources */ = {isa = PBXBuildFile; fileRef = 34F71FD1215522F100B6F536 /* Main.storyboard */; };
		34F71FD5215522F300B6F536 /* Assets.xcassets in Resources */ = {isa = PBXBuildFile; fileRef = 34F71FD4215522F300B6F536 /* Assets.xcassets */; };
		34F71FD8215522F300B6F536 /* LaunchScreen.storyboard in Resources */ = {isa = PBXBuildFile; fileRef = 34F71FD6215522F300B6F536 /* LaunchScreen.storyboard */; };
		34F71FE3215523B100B6F536 /* TestView.swift in Sources */ = {isa = PBXBuildFile; fileRef = 34F71FE2215523B100B6F536 /* TestView.swift */; };
		34F71FE5215523BC00B6F536 /* LevelViewModel.swift in Sources */ = {isa = PBXBuildFile; fileRef = 34F71FE4215523BC00B6F536 /* LevelViewModel.swift */; };
/* End PBXBuildFile section */

/* Begin PBXFileReference section */
		34E576F72158D8980084955D /* Dynamic.swift */ = {isa = PBXFileReference; lastKnownFileType = sourcecode.swift; path = Dynamic.swift; sourceTree = "<group>"; };
		34E576F92158E6480084955D /* CoordinationTest.swift */ = {isa = PBXFileReference; lastKnownFileType = sourcecode.swift; path = CoordinationTest.swift; sourceTree = "<group>"; };
		34E576FB2158E6DF0084955D /* TestViewModel.swift */ = {isa = PBXFileReference; lastKnownFileType = sourcecode.swift; path = TestViewModel.swift; sourceTree = "<group>"; };
		34E576FD215907660084955D /* CoordinationLevel.swift */ = {isa = PBXFileReference; lastKnownFileType = sourcecode.swift; path = CoordinationLevel.swift; sourceTree = "<group>"; };
		34E576FF215936B00084955D /* TestView.xib */ = {isa = PBXFileReference; lastKnownFileType = file.xib; path = TestView.xib; sourceTree = "<group>"; };
		34E5770121593DE00084955D /* CoordinationVC.swift */ = {isa = PBXFileReference; lastKnownFileType = sourcecode.swift; path = CoordinationVC.swift; sourceTree = "<group>"; };
		34E5770321593FA20084955D /* UIViewController+Subview.swift */ = {isa = PBXFileReference; lastKnownFileType = sourcecode.swift; path = "UIViewController+Subview.swift"; sourceTree = "<group>"; };
		34E57705215D1F990084955D /* ShapeView.swift */ = {isa = PBXFileReference; lastKnownFileType = sourcecode.swift; path = ShapeView.swift; sourceTree = "<group>"; };
		34E57707215D20B60084955D /* ShapeView.xib */ = {isa = PBXFileReference; lastKnownFileType = file.xib; path = ShapeView.xib; sourceTree = "<group>"; };
		34E57709215D21640084955D /* ShapeViewModel.swift */ = {isa = PBXFileReference; lastKnownFileType = sourcecode.swift; path = ShapeViewModel.swift; sourceTree = "<group>"; };
		34F71FCA215522F100B6F536 /* CoordinationPoc.app */ = {isa = PBXFileReference; explicitFileType = wrapper.application; includeInIndex = 0; path = CoordinationPoc.app; sourceTree = BUILT_PRODUCTS_DIR; };
		34F71FCD215522F100B6F536 /* AppDelegate.swift */ = {isa = PBXFileReference; lastKnownFileType = sourcecode.swift; path = AppDelegate.swift; sourceTree = "<group>"; };
		34F71FCF215522F100B6F536 /* ExerciseViewController.swift */ = {isa = PBXFileReference; lastKnownFileType = sourcecode.swift; path = ExerciseViewController.swift; sourceTree = "<group>"; };
		34F71FD2215522F100B6F536 /* Base */ = {isa = PBXFileReference; lastKnownFileType = file.storyboard; name = Base; path = Base.lproj/Main.storyboard; sourceTree = "<group>"; };
		34F71FD4215522F300B6F536 /* Assets.xcassets */ = {isa = PBXFileReference; lastKnownFileType = folder.assetcatalog; path = Assets.xcassets; sourceTree = "<group>"; };
		34F71FD7215522F300B6F536 /* Base */ = {isa = PBXFileReference; lastKnownFileType = file.storyboard; name = Base; path = Base.lproj/LaunchScreen.storyboard; sourceTree = "<group>"; };
		34F71FD9215522F300B6F536 /* Info.plist */ = {isa = PBXFileReference; lastKnownFileType = text.plist.xml; path = Info.plist; sourceTree = "<group>"; };
		34F71FE2215523B100B6F536 /* TestView.swift */ = {isa = PBXFileReference; lastKnownFileType = sourcecode.swift; path = TestView.swift; sourceTree = "<group>"; };
		34F71FE4215523BC00B6F536 /* LevelViewModel.swift */ = {isa = PBXFileReference; lastKnownFileType = sourcecode.swift; path = LevelViewModel.swift; sourceTree = "<group>"; };
/* End PBXFileReference section */

/* Begin PBXFrameworksBuildPhase section */
		34F71FC7215522F100B6F536 /* Frameworks */ = {
			isa = PBXFrameworksBuildPhase;
			buildActionMask = 2147483647;
			files = (
			);
			runOnlyForDeploymentPostprocessing = 0;
		};
/* End PBXFrameworksBuildPhase section */

/* Begin PBXGroup section */
		34F71FC1215522F100B6F536 = {
			isa = PBXGroup;
			children = (
				34F71FCC215522F100B6F536 /* CoordinationPoc */,
				34F71FCB215522F100B6F536 /* Products */,
			);
			sourceTree = "<group>";
		};
		34F71FCB215522F100B6F536 /* Products */ = {
			isa = PBXGroup;
			children = (
				34F71FCA215522F100B6F536 /* CoordinationPoc.app */,
			);
			name = Products;
			sourceTree = "<group>";
		};
		34F71FCC215522F100B6F536 /* CoordinationPoc */ = {
			isa = PBXGroup;
			children = (
				34E5770121593DE00084955D /* CoordinationVC.swift */,
				34F71FE1215523A100B6F536 /* View */,
				34F71FE02155230B00B6F536 /* ViewModel */,
				34F71FDF2155230100B6F536 /* Model */,
				34E576F72158D8980084955D /* Dynamic.swift */,
				34E5770321593FA20084955D /* UIViewController+Subview.swift */,
				34F71FCD215522F100B6F536 /* AppDelegate.swift */,
				34F71FCF215522F100B6F536 /* ExerciseViewController.swift */,
				34F71FD1215522F100B6F536 /* Main.storyboard */,
				34F71FD4215522F300B6F536 /* Assets.xcassets */,
				34F71FD6215522F300B6F536 /* LaunchScreen.storyboard */,
				34F71FD9215522F300B6F536 /* Info.plist */,
			);
			path = CoordinationPoc;
			sourceTree = "<group>";
		};
		34F71FDF2155230100B6F536 /* Model */ = {
			isa = PBXGroup;
			children = (
				34E576F92158E6480084955D /* CoordinationTest.swift */,
				34E576FD215907660084955D /* CoordinationLevel.swift */,
			);
			path = Model;
			sourceTree = "<group>";
		};
		34F71FE02155230B00B6F536 /* ViewModel */ = {
			isa = PBXGroup;
			children = (
				34E576FB2158E6DF0084955D /* TestViewModel.swift */,
				34E57709215D21640084955D /* ShapeViewModel.swift */,
				34F71FE4215523BC00B6F536 /* LevelViewModel.swift */,
			);
			path = ViewModel;
			sourceTree = "<group>";
		};
		34F71FE1215523A100B6F536 /* View */ = {
			isa = PBXGroup;
			children = (
				34F71FE2215523B100B6F536 /* TestView.swift */,
				34E576FF215936B00084955D /* TestView.xib */,
				34E57705215D1F990084955D /* ShapeView.swift */,
				34E57707215D20B60084955D /* ShapeView.xib */,
			);
			path = View;
			sourceTree = "<group>";
		};
/* End PBXGroup section */

/* Begin PBXNativeTarget section */
		34F71FC9215522F100B6F536 /* CoordinationPoc */ = {
			isa = PBXNativeTarget;
			buildConfigurationList = 34F71FDC215522F300B6F536 /* Build configuration list for PBXNativeTarget "CoordinationPoc" */;
			buildPhases = (
				34F71FC6215522F100B6F536 /* Sources */,
				34F71FC7215522F100B6F536 /* Frameworks */,
				34F71FC8215522F100B6F536 /* Resources */,
			);
			buildRules = (
			);
			dependencies = (
			);
			name = CoordinationPoc;
			productName = CoordinationPoc;
			productReference = 34F71FCA215522F100B6F536 /* CoordinationPoc.app */;
			productType = "com.apple.product-type.application";
		};
/* End PBXNativeTarget section */

/* Begin PBXProject section */
		34F71FC2215522F100B6F536 /* Project object */ = {
			isa = PBXProject;
			attributes = {
				LastSwiftUpdateCheck = 0940;
				LastUpgradeCheck = 0940;
				ORGANIZATIONNAME = "Timothée Bilodeau";
				TargetAttributes = {
					34F71FC9215522F100B6F536 = {
						CreatedOnToolsVersion = 9.4.1;
					};
				};
			};
			buildConfigurationList = 34F71FC5215522F100B6F536 /* Build configuration list for PBXProject "CoordinationPoc" */;
			compatibilityVersion = "Xcode 9.3";
			developmentRegion = en;
			hasScannedForEncodings = 0;
			knownRegions = (
				en,
				Base,
			);
			mainGroup = 34F71FC1215522F100B6F536;
			productRefGroup = 34F71FCB215522F100B6F536 /* Products */;
			projectDirPath = "";
			projectRoot = "";
			targets = (
				34F71FC9215522F100B6F536 /* CoordinationPoc */,
			);
		};
/* End PBXProject section */

/* Begin PBXResourcesBuildPhase section */
		34F71FC8215522F100B6F536 /* Resources */ = {
			isa = PBXResourcesBuildPhase;
			buildActionMask = 2147483647;
			files = (
				34F71FD8215522F300B6F536 /* LaunchScreen.storyboard in Resources */,
				34E57700215936B00084955D /* TestView.xib in Resources */,
				34F71FD5215522F300B6F536 /* Assets.xcassets in Resources */,
				34E57708215D20B60084955D /* ShapeView.xib in Resources */,
				34F71FD3215522F100B6F536 /* Main.storyboard in Resources */,
			);
			runOnlyForDeploymentPostprocessing = 0;
		};
/* End PBXResourcesBuildPhase section */

/* Begin PBXSourcesBuildPhase section */
		34F71FC6215522F100B6F536 /* Sources */ = {
			isa = PBXSourcesBuildPhase;
			buildActionMask = 2147483647;
			files = (
				34F71FD0215522F100B6F536 /* ExerciseViewController.swift in Sources */,
				34E576F82158D8980084955D /* Dynamic.swift in Sources */,
				34F71FE3215523B100B6F536 /* TestView.swift in Sources */,
				34E576FE215907660084955D /* CoordinationLevel.swift in Sources */,
				34E576FA2158E6480084955D /* CoordinationTest.swift in Sources */,
				34E57706215D1F9A0084955D /* ShapeView.swift in Sources */,
				34F71FCE215522F100B6F536 /* AppDelegate.swift in Sources */,
				34E5770221593DE00084955D /* CoordinationVC.swift in Sources */,
				34E5770A215D21640084955D /* ShapeViewModel.swift in Sources */,
				34F71FE5215523BC00B6F536 /* LevelViewModel.swift in Sources */,
				34E5770421593FA20084955D /* UIViewController+Subview.swift in Sources */,
				34E576FC2158E6DF0084955D /* TestViewModel.swift in Sources */,
			);
			runOnlyForDeploymentPostprocessing = 0;
		};
/* End PBXSourcesBuildPhase section */

/* Begin PBXVariantGroup section */
		34F71FD1215522F100B6F536 /* Main.storyboard */ = {
			isa = PBXVariantGroup;
			children = (
				34F71FD2215522F100B6F536 /* Base */,
			);
			name = Main.storyboard;
			sourceTree = "<group>";
		};
		34F71FD6215522F300B6F536 /* LaunchScreen.storyboard */ = {
			isa = PBXVariantGroup;
			children = (
				34F71FD7215522F300B6F536 /* Base */,
			);
			name = LaunchScreen.storyboard;
			sourceTree = "<group>";
		};
/* End PBXVariantGroup section */

/* Begin XCBuildConfiguration section */
		34F71FDA215522F300B6F536 /* Debug */ = {
			isa = XCBuildConfiguration;
			buildSettings = {
				ALWAYS_SEARCH_USER_PATHS = NO;
				CLANG_ANALYZER_NONNULL = YES;
				CLANG_ANALYZER_NUMBER_OBJECT_CONVERSION = YES_AGGRESSIVE;
				CLANG_CXX_LANGUAGE_STANDARD = "gnu++14";
				CLANG_CXX_LIBRARY = "libc++";
				CLANG_ENABLE_MODULES = YES;
				CLANG_ENABLE_OBJC_ARC = YES;
				CLANG_ENABLE_OBJC_WEAK = YES;
				CLANG_WARN_BLOCK_CAPTURE_AUTORELEASING = YES;
				CLANG_WARN_BOOL_CONVERSION = YES;
				CLANG_WARN_COMMA = YES;
				CLANG_WARN_CONSTANT_CONVERSION = YES;
				CLANG_WARN_DEPRECATED_OBJC_IMPLEMENTATIONS = YES;
				CLANG_WARN_DIRECT_OBJC_ISA_USAGE = YES_ERROR;
				CLANG_WARN_DOCUMENTATION_COMMENTS = YES;
				CLANG_WARN_EMPTY_BODY = YES;
				CLANG_WARN_ENUM_CONVERSION = YES;
				CLANG_WARN_INFINITE_RECURSION = YES;
				CLANG_WARN_INT_CONVERSION = YES;
				CLANG_WARN_NON_LITERAL_NULL_CONVERSION = YES;
				CLANG_WARN_OBJC_IMPLICIT_RETAIN_SELF = YES;
				CLANG_WARN_OBJC_LITERAL_CONVERSION = YES;
				CLANG_WARN_OBJC_ROOT_CLASS = YES_ERROR;
				CLANG_WARN_RANGE_LOOP_ANALYSIS = YES;
				CLANG_WARN_STRICT_PROTOTYPES = YES;
				CLANG_WARN_SUSPICIOUS_MOVE = YES;
				CLANG_WARN_UNGUARDED_AVAILABILITY = YES_AGGRESSIVE;
				CLANG_WARN_UNREACHABLE_CODE = YES;
				CLANG_WARN__DUPLICATE_METHOD_MATCH = YES;
				CODE_SIGN_IDENTITY = "iPhone Developer";
				COPY_PHASE_STRIP = NO;
				DEBUG_INFORMATION_FORMAT = dwarf;
				ENABLE_STRICT_OBJC_MSGSEND = YES;
				ENABLE_TESTABILITY = YES;
				GCC_C_LANGUAGE_STANDARD = gnu11;
				GCC_DYNAMIC_NO_PIC = NO;
				GCC_NO_COMMON_BLOCKS = YES;
				GCC_OPTIMIZATION_LEVEL = 0;
				GCC_PREPROCESSOR_DEFINITIONS = (
					"DEBUG=1",
					"$(inherited)",
				);
				GCC_WARN_64_TO_32_BIT_CONVERSION = YES;
				GCC_WARN_ABOUT_RETURN_TYPE = YES_ERROR;
				GCC_WARN_UNDECLARED_SELECTOR = YES;
				GCC_WARN_UNINITIALIZED_AUTOS = YES_AGGRESSIVE;
				GCC_WARN_UNUSED_FUNCTION = YES;
				GCC_WARN_UNUSED_VARIABLE = YES;
				IPHONEOS_DEPLOYMENT_TARGET = 11.4;
				MTL_ENABLE_DEBUG_INFO = YES;
				ONLY_ACTIVE_ARCH = YES;
				SDKROOT = iphoneos;
				SWIFT_ACTIVE_COMPILATION_CONDITIONS = DEBUG;
				SWIFT_OPTIMIZATION_LEVEL = "-Onone";
			};
			name = Debug;
		};
		34F71FDB215522F300B6F536 /* Release */ = {
			isa = XCBuildConfiguration;
			buildSettings = {
				ALWAYS_SEARCH_USER_PATHS = NO;
				CLANG_ANALYZER_NONNULL = YES;
				CLANG_ANALYZER_NUMBER_OBJECT_CONVERSION = YES_AGGRESSIVE;
				CLANG_CXX_LANGUAGE_STANDARD = "gnu++14";
				CLANG_CXX_LIBRARY = "libc++";
				CLANG_ENABLE_MODULES = YES;
				CLANG_ENABLE_OBJC_ARC = YES;
				CLANG_ENABLE_OBJC_WEAK = YES;
				CLANG_WARN_BLOCK_CAPTURE_AUTORELEASING = YES;
				CLANG_WARN_BOOL_CONVERSION = YES;
				CLANG_WARN_COMMA = YES;
				CLANG_WARN_CONSTANT_CONVERSION = YES;
				CLANG_WARN_DEPRECATED_OBJC_IMPLEMENTATIONS = YES;
				CLANG_WARN_DIRECT_OBJC_ISA_USAGE = YES_ERROR;
				CLANG_WARN_DOCUMENTATION_COMMENTS = YES;
				CLANG_WARN_EMPTY_BODY = YES;
				CLANG_WARN_ENUM_CONVERSION = YES;
				CLANG_WARN_INFINITE_RECURSION = YES;
				CLANG_WARN_INT_CONVERSION = YES;
				CLANG_WARN_NON_LITERAL_NULL_CONVERSION = YES;
				CLANG_WARN_OBJC_IMPLICIT_RETAIN_SELF = YES;
				CLANG_WARN_OBJC_LITERAL_CONVERSION = YES;
				CLANG_WARN_OBJC_ROOT_CLASS = YES_ERROR;
				CLANG_WARN_RANGE_LOOP_ANALYSIS = YES;
				CLANG_WARN_STRICT_PROTOTYPES = YES;
				CLANG_WARN_SUSPICIOUS_MOVE = YES;
				CLANG_WARN_UNGUARDED_AVAILABILITY = YES_AGGRESSIVE;
				CLANG_WARN_UNREACHABLE_CODE = YES;
				CLANG_WARN__DUPLICATE_METHOD_MATCH = YES;
				CODE_SIGN_IDENTITY = "iPhone Developer";
				COPY_PHASE_STRIP = NO;
				DEBUG_INFORMATION_FORMAT = "dwarf-with-dsym";
				ENABLE_NS_ASSERTIONS = NO;
				ENABLE_STRICT_OBJC_MSGSEND = YES;
				GCC_C_LANGUAGE_STANDARD = gnu11;
				GCC_NO_COMMON_BLOCKS = YES;
				GCC_WARN_64_TO_32_BIT_CONVERSION = YES;
				GCC_WARN_ABOUT_RETURN_TYPE = YES_ERROR;
				GCC_WARN_UNDECLARED_SELECTOR = YES;
				GCC_WARN_UNINITIALIZED_AUTOS = YES_AGGRESSIVE;
				GCC_WARN_UNUSED_FUNCTION = YES;
				GCC_WARN_UNUSED_VARIABLE = YES;
				IPHONEOS_DEPLOYMENT_TARGET = 11.4;
				MTL_ENABLE_DEBUG_INFO = NO;
				SDKROOT = iphoneos;
				SWIFT_COMPILATION_MODE = wholemodule;
				SWIFT_OPTIMIZATION_LEVEL = "-O";
				VALIDATE_PRODUCT = YES;
			};
			name = Release;
		};
		34F71FDD215522F300B6F536 /* Debug */ = {
			isa = XCBuildConfiguration;
			buildSettings = {
				ASSETCATALOG_COMPILER_APPICON_NAME = AppIcon;
				CODE_SIGN_STYLE = Automatic;
				DEVELOPMENT_TEAM = BM73D9G374;
				INFOPLIST_FILE = CoordinationPoc/Info.plist;
				LD_RUNPATH_SEARCH_PATHS = (
					"$(inherited)",
					"@executable_path/Frameworks",
				);
				PRODUCT_BUNDLE_IDENTIFIER = timbil.CoordinationPoc;
				PRODUCT_NAME = "$(TARGET_NAME)";
				SWIFT_VERSION = 4.0;
				TARGETED_DEVICE_FAMILY = "1,2";
			};
			name = Debug;
		};
		34F71FDE215522F300B6F536 /* Release */ = {
			isa = XCBuildConfiguration;
			buildSettings = {
				ASSETCATALOG_COMPILER_APPICON_NAME = AppIcon;
				CODE_SIGN_STYLE = Automatic;
				DEVELOPMENT_TEAM = BM73D9G374;
				INFOPLIST_FILE = CoordinationPoc/Info.plist;
				LD_RUNPATH_SEARCH_PATHS = (
					"$(inherited)",
					"@executable_path/Frameworks",
				);
				PRODUCT_BUNDLE_IDENTIFIER = timbil.CoordinationPoc;
				PRODUCT_NAME = "$(TARGET_NAME)";
				SWIFT_VERSION = 4.0;
				TARGETED_DEVICE_FAMILY = "1,2";
			};
			name = Release;
		};
/* End XCBuildConfiguration section */

/* Begin XCConfigurationList section */
		34F71FC5215522F100B6F536 /* Build configuration list for PBXProject "CoordinationPoc" */ = {
			isa = XCConfigurationList;
			buildConfigurations = (
				34F71FDA215522F300B6F536 /* Debug */,
				34F71FDB215522F300B6F536 /* Release */,
			);
			defaultConfigurationIsVisible = 0;
			defaultConfigurationName = Release;
		};
		34F71FDC215522F300B6F536 /* Build configuration list for PBXNativeTarget "CoordinationPoc" */ = {
			isa = XCConfigurationList;
			buildConfigurations = (
				34F71FDD215522F300B6F536 /* Debug */,
				34F71FDE215522F300B6F536 /* Release */,
			);
			defaultConfigurationIsVisible = 0;
			defaultConfigurationName = Release;
		};
/* End XCConfigurationList section */
	};
	rootObject = 34F71FC2215522F100B6F536 /* Project object */;
}
